
Microsoft Visual Studio Solution File, Format Version 12.00
# Visual Studio 15
VisualStudioVersion = 15.0.28307.1082
MinimumVisualStudioVersion = 10.0.40219.1
Project("{FAE04EC0-301F-11D3-BF4B-00C04F79EFBC}") = "Spicyo", "Spicyo\Spicyo.csproj", "{BE66AACF-BAE3-445E-9EAA-F98E03FFFF09}"
EndProject
Global
	GlobalSection(SolutionConfigurationPlatforms) = preSolution
		Debug|Any CPU = Debug|Any CPU
		Release|Any CPU = Release|Any CPU
	EndGlobalSection
	GlobalSection(ProjectConfigurationPlatforms) = postSolution
		{BE66AACF-BAE3-445E-9EAA-F98E03FFFF09}.Debug|Any CPU.ActiveCfg = Debug|Any CPU
		{BE66AACF-BAE3-445E-9EAA-F98E03FFFF09}.Debug|Any CPU.Build.0 = Debug|Any CPU
		{BE66AACF-BAE3-445E-9EAA-F98E03FFFF09}.Release|Any CPU.ActiveCfg = Release|Any CPU
		{BE66AACF-BAE3-445E-9EAA-F98E03FFFF09}.Release|Any CPU.Build.0 = Release|Any CPU
	EndGlobalSection
	GlobalSection(SolutionProperties) = preSolution
		HideSolutionNode = FALSE
	EndGlobalSection
	GlobalSection(ExtensibilityGlobals) = postSolution
		SolutionGuid = {A0E8799B-0546-43A8-B8E7-47DE996A5BA1}
	EndGlobalSection
EndGlobal
