
Microsoft Visual Studio Solution File, Format Version 12.00
# Visual Studio 15
VisualStudioVersion = 15.0.28307.1082
MinimumVisualStudioVersion = 10.0.40219.1
Project("{FAE04EC0-301F-11D3-BF4B-00C04F79EFBC}") = "Spicyo", "Spicyo\Spicyo.csproj", "{D33B80E3-E967-4509-84F0-26B86BE394B5}"
EndProject
Project("{FAE04EC0-301F-11D3-BF4B-00C04F79EFBC}") = "Spicyo.Tests", "Spicyo.Tests\Spicyo.Tests.csproj", "{8A499850-4CC8-405A-882E-91041783C485}"
EndProject
Global
	GlobalSection(SolutionConfigurationPlatforms) = preSolution
		Debug|Any CPU = Debug|Any CPU
		Release|Any CPU = Release|Any CPU
	EndGlobalSection
	GlobalSection(ProjectConfigurationPlatforms) = postSolution
		{D33B80E3-E967-4509-84F0-26B86BE394B5}.Debug|Any CPU.ActiveCfg = Debug|Any CPU
		{D33B80E3-E967-4509-84F0-26B86BE394B5}.Debug|Any CPU.Build.0 = Debug|Any CPU
		{D33B80E3-E967-4509-84F0-26B86BE394B5}.Release|Any CPU.ActiveCfg = Release|Any CPU
		{D33B80E3-E967-4509-84F0-26B86BE394B5}.Release|Any CPU.Build.0 = Release|Any CPU
		{8A499850-4CC8-405A-882E-91041783C485}.Debug|Any CPU.ActiveCfg = Debug|Any CPU
		{8A499850-4CC8-405A-882E-91041783C485}.Debug|Any CPU.Build.0 = Debug|Any CPU
		{8A499850-4CC8-405A-882E-91041783C485}.Release|Any CPU.ActiveCfg = Release|Any CPU
		{8A499850-4CC8-405A-882E-91041783C485}.Release|Any CPU.Build.0 = Release|Any CPU
	EndGlobalSection
	GlobalSection(SolutionProperties) = preSolution
		HideSolutionNode = FALSE
	EndGlobalSection
	GlobalSection(ExtensibilityGlobals) = postSolution
		SolutionGuid = {C4595E6E-641B-4112-823A-48A23A07C3F1}
	EndGlobalSection
EndGlobal
